
Microsoft Visual Studio Solution File, Format Version 12.00
# Visual Studio Version 17
VisualStudioVersion = 17.8.34511.84
MinimumVisualStudioVersion = 10.0.40219.1
Project("{FAE04EC0-301F-11D3-BF4B-00C04F79EFBC}") = "EpicToDoList", "EpicToDoList\EpicToDoList.csproj", "{4E977E37-4099-4B78-AD70-679994C9666C}"
EndProject
Global
	GlobalSection(SolutionConfigurationPlatforms) = preSolution
		Debug|Any CPU = Debug|Any CPU
		Release|Any CPU = Release|Any CPU
	EndGlobalSection
	GlobalSection(ProjectConfigurationPlatforms) = postSolution
		{4E977E37-4099-4B78-AD70-679994C9666C}.Debug|Any CPU.ActiveCfg = Debug|Any CPU
		{4E977E37-4099-4B78-AD70-679994C9666C}.Debug|Any CPU.Build.0 = Debug|Any CPU
		{4E977E37-4099-4B78-AD70-679994C9666C}.Release|Any CPU.ActiveCfg = Release|Any CPU
		{4E977E37-4099-4B78-AD70-679994C9666C}.Release|Any CPU.Build.0 = Release|Any CPU
	EndGlobalSection
	GlobalSection(SolutionProperties) = preSolution
		HideSolutionNode = FALSE
	EndGlobalSection
	GlobalSection(ExtensibilityGlobals) = postSolution
		SolutionGuid = {26BDE1E4-8E95-40CD-BA10-1EC451CAFA16}
	EndGlobalSection
EndGlobal
